// !$*UTF8*$!
{
	archiveVersion = 1;
	classes = {
	};
	objectVersion = 56;
	objects = {

/* Begin PBXBuildFile section */
		45066B47290DAB6A00B2CF22 /* AMPMClock_ActivityApp.swift in Sources */ = {isa = PBXBuildFile; fileRef = 45066B46290DAB6A00B2CF22 /* AMPMClock_ActivityApp.swift */; };
		45066B49290DAB6A00B2CF22 /* ContentView.swift in Sources */ = {isa = PBXBuildFile; fileRef = 45066B48290DAB6A00B2CF22 /* ContentView.swift */; };
		45066B4B290DAB6B00B2CF22 /* Assets.xcassets in Resources */ = {isa = PBXBuildFile; fileRef = 45066B4A290DAB6B00B2CF22 /* Assets.xcassets */; };
		45066B4E290DAB6B00B2CF22 /* Preview Assets.xcassets in Resources */ = {isa = PBXBuildFile; fileRef = 45066B4D290DAB6B00B2CF22 /* Preview Assets.xcassets */; };
		45066B58290DAB6B00B2CF22 /* AMPMClock_ActivityTests.swift in Sources */ = {isa = PBXBuildFile; fileRef = 45066B57290DAB6B00B2CF22 /* AMPMClock_ActivityTests.swift */; };
		45066B62290DAB6B00B2CF22 /* AMPMClock_ActivityUITests.swift in Sources */ = {isa = PBXBuildFile; fileRef = 45066B61290DAB6B00B2CF22 /* AMPMClock_ActivityUITests.swift */; };
		45066B64290DAB6B00B2CF22 /* AMPMClock_ActivityUITestsLaunchTests.swift in Sources */ = {isa = PBXBuildFile; fileRef = 45066B63290DAB6B00B2CF22 /* AMPMClock_ActivityUITestsLaunchTests.swift */; };
		45066B77290DABB400B2CF22 /* WidgetKit.framework in Frameworks */ = {isa = PBXBuildFile; fileRef = 45066B76290DABB400B2CF22 /* WidgetKit.framework */; };
		45066B79290DABB400B2CF22 /* SwiftUI.framework in Frameworks */ = {isa = PBXBuildFile; fileRef = 45066B78290DABB400B2CF22 /* SwiftUI.framework */; };
		45066B7C290DABB400B2CF22 /* AMPMClockBundle.swift in Sources */ = {isa = PBXBuildFile; fileRef = 45066B7B290DABB400B2CF22 /* AMPMClockBundle.swift */; };
		45066B7E290DABB400B2CF22 /* AMPMClockLiveActivity.swift in Sources */ = {isa = PBXBuildFile; fileRef = 45066B7D290DABB400B2CF22 /* AMPMClockLiveActivity.swift */; };
		45066B82290DABB600B2CF22 /* Assets.xcassets in Resources */ = {isa = PBXBuildFile; fileRef = 45066B81290DABB600B2CF22 /* Assets.xcassets */; };
		45066B86290DABB600B2CF22 /* AMPMClockExtension.appex in Embed Foundation Extensions */ = {isa = PBXBuildFile; fileRef = 45066B74290DABB400B2CF22 /* AMPMClockExtension.appex */; settings = {ATTRIBUTES = (RemoveHeadersOnCopy, ); }; };
		45066B8C290DABCA00B2CF22 /* Attributes.swift in Sources */ = {isa = PBXBuildFile; fileRef = 45066B8B290DABCA00B2CF22 /* Attributes.swift */; };
/* End PBXBuildFile section */

/* Begin PBXContainerItemProxy section */
		45066B54290DAB6B00B2CF22 /* PBXContainerItemProxy */ = {
			isa = PBXContainerItemProxy;
			containerPortal = 45066B3B290DAB6A00B2CF22 /* Project object */;
			proxyType = 1;
			remoteGlobalIDString = 45066B42290DAB6A00B2CF22;
			remoteInfo = AMPMClock_Activity;
		};
		45066B5E290DAB6B00B2CF22 /* PBXContainerItemProxy */ = {
			isa = PBXContainerItemProxy;
			containerPortal = 45066B3B290DAB6A00B2CF22 /* Project object */;
			proxyType = 1;
			remoteGlobalIDString = 45066B42290DAB6A00B2CF22;
			remoteInfo = AMPMClock_Activity;
		};
		45066B84290DABB600B2CF22 /* PBXContainerItemProxy */ = {
			isa = PBXContainerItemProxy;
			containerPortal = 45066B3B290DAB6A00B2CF22 /* Project object */;
			proxyType = 1;
			remoteGlobalIDString = 45066B73290DABB400B2CF22;
			remoteInfo = AMPMClockExtension;
		};
/* End PBXContainerItemProxy section */

/* Begin PBXCopyFilesBuildPhase section */
		45066B8A290DABB600B2CF22 /* Embed Foundation Extensions */ = {
			isa = PBXCopyFilesBuildPhase;
			buildActionMask = 2147483647;
			dstPath = "";
			dstSubfolderSpec = 13;
			files = (
				45066B86290DABB600B2CF22 /* AMPMClockExtension.appex in Embed Foundation Extensions */,
			);
			name = "Embed Foundation Extensions";
			runOnlyForDeploymentPostprocessing = 0;
		};
/* End PBXCopyFilesBuildPhase section */

/* Begin PBXFileReference section */
		45066B43290DAB6A00B2CF22 /* AMPMClock_Activity.app */ = {isa = PBXFileReference; explicitFileType = wrapper.application; includeInIndex = 0; path = AMPMClock_Activity.app; sourceTree = BUILT_PRODUCTS_DIR; };
		45066B46290DAB6A00B2CF22 /* AMPMClock_ActivityApp.swift */ = {isa = PBXFileReference; lastKnownFileType = sourcecode.swift; path = AMPMClock_ActivityApp.swift; sourceTree = "<group>"; };
		45066B48290DAB6A00B2CF22 /* ContentView.swift */ = {isa = PBXFileReference; lastKnownFileType = sourcecode.swift; path = ContentView.swift; sourceTree = "<group>"; };
		45066B4A290DAB6B00B2CF22 /* Assets.xcassets */ = {isa = PBXFileReference; lastKnownFileType = folder.assetcatalog; path = Assets.xcassets; sourceTree = "<group>"; };
		45066B4D290DAB6B00B2CF22 /* Preview Assets.xcassets */ = {isa = PBXFileReference; lastKnownFileType = folder.assetcatalog; path = "Preview Assets.xcassets"; sourceTree = "<group>"; };
		45066B53290DAB6B00B2CF22 /* AMPMClock_ActivityTests.xctest */ = {isa = PBXFileReference; explicitFileType = wrapper.cfbundle; includeInIndex = 0; path = AMPMClock_ActivityTests.xctest; sourceTree = BUILT_PRODUCTS_DIR; };
		45066B57290DAB6B00B2CF22 /* AMPMClock_ActivityTests.swift */ = {isa = PBXFileReference; lastKnownFileType = sourcecode.swift; path = AMPMClock_ActivityTests.swift; sourceTree = "<group>"; };
		45066B5D290DAB6B00B2CF22 /* AMPMClock_ActivityUITests.xctest */ = {isa = PBXFileReference; explicitFileType = wrapper.cfbundle; includeInIndex = 0; path = AMPMClock_ActivityUITests.xctest; sourceTree = BUILT_PRODUCTS_DIR; };
		45066B61290DAB6B00B2CF22 /* AMPMClock_ActivityUITests.swift */ = {isa = PBXFileReference; lastKnownFileType = sourcecode.swift; path = AMPMClock_ActivityUITests.swift; sourceTree = "<group>"; };
		45066B63290DAB6B00B2CF22 /* AMPMClock_ActivityUITestsLaunchTests.swift */ = {isa = PBXFileReference; lastKnownFileType = sourcecode.swift; path = AMPMClock_ActivityUITestsLaunchTests.swift; sourceTree = "<group>"; };
		45066B74290DABB400B2CF22 /* AMPMClockExtension.appex */ = {isa = PBXFileReference; explicitFileType = "wrapper.app-extension"; includeInIndex = 0; path = AMPMClockExtension.appex; sourceTree = BUILT_PRODUCTS_DIR; };
		45066B76290DABB400B2CF22 /* WidgetKit.framework */ = {isa = PBXFileReference; lastKnownFileType = wrapper.framework; name = WidgetKit.framework; path = System/Library/Frameworks/WidgetKit.framework; sourceTree = SDKROOT; };
		45066B78290DABB400B2CF22 /* SwiftUI.framework */ = {isa = PBXFileReference; lastKnownFileType = wrapper.framework; name = SwiftUI.framework; path = System/Library/Frameworks/SwiftUI.framework; sourceTree = SDKROOT; };
		45066B7B290DABB400B2CF22 /* AMPMClockBundle.swift */ = {isa = PBXFileReference; lastKnownFileType = sourcecode.swift; path = AMPMClockBundle.swift; sourceTree = "<group>"; };
		45066B7D290DABB400B2CF22 /* AMPMClockLiveActivity.swift */ = {isa = PBXFileReference; lastKnownFileType = sourcecode.swift; path = AMPMClockLiveActivity.swift; sourceTree = "<group>"; };
		45066B81290DABB600B2CF22 /* Assets.xcassets */ = {isa = PBXFileReference; lastKnownFileType = folder.assetcatalog; path = Assets.xcassets; sourceTree = "<group>"; };
		45066B83290DABB600B2CF22 /* Info.plist */ = {isa = PBXFileReference; lastKnownFileType = text.plist.xml; path = Info.plist; sourceTree = "<group>"; };
		45066B8B290DABCA00B2CF22 /* Attributes.swift */ = {isa = PBXFileReference; lastKnownFileType = sourcecode.swift; path = Attributes.swift; sourceTree = "<group>"; };
/* End PBXFileReference section */

/* Begin PBXFrameworksBuildPhase section */
		45066B40290DAB6A00B2CF22 /* Frameworks */ = {
			isa = PBXFrameworksBuildPhase;
			buildActionMask = 2147483647;
			files = (
			);
			runOnlyForDeploymentPostprocessing = 0;
		};
		45066B50290DAB6B00B2CF22 /* Frameworks */ = {
			isa = PBXFrameworksBuildPhase;
			buildActionMask = 2147483647;
			files = (
			);
			runOnlyForDeploymentPostprocessing = 0;
		};
		45066B5A290DAB6B00B2CF22 /* Frameworks */ = {
			isa = PBXFrameworksBuildPhase;
			buildActionMask = 2147483647;
			files = (
			);
			runOnlyForDeploymentPostprocessing = 0;
		};
		45066B71290DABB400B2CF22 /* Frameworks */ = {
			isa = PBXFrameworksBuildPhase;
			buildActionMask = 2147483647;
			files = (
				45066B79290DABB400B2CF22 /* SwiftUI.framework in Frameworks */,
				45066B77290DABB400B2CF22 /* WidgetKit.framework in Frameworks */,
			);
			runOnlyForDeploymentPostprocessing = 0;
		};
/* End PBXFrameworksBuildPhase section */

/* Begin PBXGroup section */
		45066B3A290DAB6A00B2CF22 = {
			isa = PBXGroup;
			children = (
				45066B45290DAB6A00B2CF22 /* AMPMClock_Activity */,
				45066B56290DAB6B00B2CF22 /* AMPMClock_ActivityTests */,
				45066B60290DAB6B00B2CF22 /* AMPMClock_ActivityUITests */,
				45066B7A290DABB400B2CF22 /* AMPMClock */,
				45066B75290DABB400B2CF22 /* Frameworks */,
				45066B44290DAB6A00B2CF22 /* Products */,
			);
			sourceTree = "<group>";
		};
		45066B44290DAB6A00B2CF22 /* Products */ = {
			isa = PBXGroup;
			children = (
				45066B43290DAB6A00B2CF22 /* AMPMClock_Activity.app */,
				45066B53290DAB6B00B2CF22 /* AMPMClock_ActivityTests.xctest */,
				45066B5D290DAB6B00B2CF22 /* AMPMClock_ActivityUITests.xctest */,
				45066B74290DABB400B2CF22 /* AMPMClockExtension.appex */,
			);
			name = Products;
			sourceTree = "<group>";
		};
		45066B45290DAB6A00B2CF22 /* AMPMClock_Activity */ = {
			isa = PBXGroup;
			children = (
				45066B46290DAB6A00B2CF22 /* AMPMClock_ActivityApp.swift */,
				45066B48290DAB6A00B2CF22 /* ContentView.swift */,
				45066B8B290DABCA00B2CF22 /* Attributes.swift */,
				45066B4A290DAB6B00B2CF22 /* Assets.xcassets */,
				45066B4C290DAB6B00B2CF22 /* Preview Content */,
			);
			path = AMPMClock_Activity;
			sourceTree = "<group>";
		};
		45066B4C290DAB6B00B2CF22 /* Preview Content */ = {
			isa = PBXGroup;
			children = (
				45066B4D290DAB6B00B2CF22 /* Preview Assets.xcassets */,
			);
			path = "Preview Content";
			sourceTree = "<group>";
		};
		45066B56290DAB6B00B2CF22 /* AMPMClock_ActivityTests */ = {
			isa = PBXGroup;
			children = (
				45066B57290DAB6B00B2CF22 /* AMPMClock_ActivityTests.swift */,
			);
			path = AMPMClock_ActivityTests;
			sourceTree = "<group>";
		};
		45066B60290DAB6B00B2CF22 /* AMPMClock_ActivityUITests */ = {
			isa = PBXGroup;
			children = (
				45066B61290DAB6B00B2CF22 /* AMPMClock_ActivityUITests.swift */,
				45066B63290DAB6B00B2CF22 /* AMPMClock_ActivityUITestsLaunchTests.swift */,
			);
			path = AMPMClock_ActivityUITests;
			sourceTree = "<group>";
		};
		45066B75290DABB400B2CF22 /* Frameworks */ = {
			isa = PBXGroup;
			children = (
				45066B76290DABB400B2CF22 /* WidgetKit.framework */,
				45066B78290DABB400B2CF22 /* SwiftUI.framework */,
			);
			name = Frameworks;
			sourceTree = "<group>";
		};
		45066B7A290DABB400B2CF22 /* AMPMClock */ = {
			isa = PBXGroup;
			children = (
				45066B7B290DABB400B2CF22 /* AMPMClockBundle.swift */,
				45066B7D290DABB400B2CF22 /* AMPMClockLiveActivity.swift */,
				45066B81290DABB600B2CF22 /* Assets.xcassets */,
				45066B83290DABB600B2CF22 /* Info.plist */,
			);
			path = AMPMClock;
			sourceTree = "<group>";
		};
/* End PBXGroup section */

/* Begin PBXNativeTarget section */
		45066B42290DAB6A00B2CF22 /* AMPMClock_Activity */ = {
			isa = PBXNativeTarget;
			buildConfigurationList = 45066B67290DAB6B00B2CF22 /* Build configuration list for PBXNativeTarget "AMPMClock_Activity" */;
			buildPhases = (
				45066B3F290DAB6A00B2CF22 /* Sources */,
				45066B40290DAB6A00B2CF22 /* Frameworks */,
				45066B41290DAB6A00B2CF22 /* Resources */,
				45066B8A290DABB600B2CF22 /* Embed Foundation Extensions */,
			);
			buildRules = (
			);
			dependencies = (
				45066B85290DABB600B2CF22 /* PBXTargetDependency */,
			);
			name = AMPMClock_Activity;
			productName = AMPMClock_Activity;
			productReference = 45066B43290DAB6A00B2CF22 /* AMPMClock_Activity.app */;
			productType = "com.apple.product-type.application";
		};
		45066B52290DAB6B00B2CF22 /* AMPMClock_ActivityTests */ = {
			isa = PBXNativeTarget;
			buildConfigurationList = 45066B6A290DAB6B00B2CF22 /* Build configuration list for PBXNativeTarget "AMPMClock_ActivityTests" */;
			buildPhases = (
				45066B4F290DAB6B00B2CF22 /* Sources */,
				45066B50290DAB6B00B2CF22 /* Frameworks */,
				45066B51290DAB6B00B2CF22 /* Resources */,
			);
			buildRules = (
			);
			dependencies = (
				45066B55290DAB6B00B2CF22 /* PBXTargetDependency */,
			);
			name = AMPMClock_ActivityTests;
			productName = AMPMClock_ActivityTests;
			productReference = 45066B53290DAB6B00B2CF22 /* AMPMClock_ActivityTests.xctest */;
			productType = "com.apple.product-type.bundle.unit-test";
		};
		45066B5C290DAB6B00B2CF22 /* AMPMClock_ActivityUITests */ = {
			isa = PBXNativeTarget;
			buildConfigurationList = 45066B6D290DAB6B00B2CF22 /* Build configuration list for PBXNativeTarget "AMPMClock_ActivityUITests" */;
			buildPhases = (
				45066B59290DAB6B00B2CF22 /* Sources */,
				45066B5A290DAB6B00B2CF22 /* Frameworks */,
				45066B5B290DAB6B00B2CF22 /* Resources */,
			);
			buildRules = (
			);
			dependencies = (
				45066B5F290DAB6B00B2CF22 /* PBXTargetDependency */,
			);
			name = AMPMClock_ActivityUITests;
			productName = AMPMClock_ActivityUITests;
			productReference = 45066B5D290DAB6B00B2CF22 /* AMPMClock_ActivityUITests.xctest */;
			productType = "com.apple.product-type.bundle.ui-testing";
		};
		45066B73290DABB400B2CF22 /* AMPMClockExtension */ = {
			isa = PBXNativeTarget;
			buildConfigurationList = 45066B87290DABB600B2CF22 /* Build configuration list for PBXNativeTarget "AMPMClockExtension" */;
			buildPhases = (
				45066B70290DABB400B2CF22 /* Sources */,
				45066B71290DABB400B2CF22 /* Frameworks */,
				45066B72290DABB400B2CF22 /* Resources */,
			);
			buildRules = (
			);
			dependencies = (
			);
			name = AMPMClockExtension;
			productName = AMPMClockExtension;
			productReference = 45066B74290DABB400B2CF22 /* AMPMClockExtension.appex */;
			productType = "com.apple.product-type.app-extension";
		};
/* End PBXNativeTarget section */

/* Begin PBXProject section */
		45066B3B290DAB6A00B2CF22 /* Project object */ = {
			isa = PBXProject;
			attributes = {
				BuildIndependentTargetsInParallel = 1;
				LastSwiftUpdateCheck = 1410;
				LastUpgradeCheck = 1410;
				TargetAttributes = {
					45066B42290DAB6A00B2CF22 = {
						CreatedOnToolsVersion = 14.1;
					};
					45066B52290DAB6B00B2CF22 = {
						CreatedOnToolsVersion = 14.1;
						TestTargetID = 45066B42290DAB6A00B2CF22;
					};
					45066B5C290DAB6B00B2CF22 = {
						CreatedOnToolsVersion = 14.1;
						TestTargetID = 45066B42290DAB6A00B2CF22;
					};
					45066B73290DABB400B2CF22 = {
						CreatedOnToolsVersion = 14.1;
					};
				};
			};
			buildConfigurationList = 45066B3E290DAB6A00B2CF22 /* Build configuration list for PBXProject "AMPMClock_Activity" */;
			compatibilityVersion = "Xcode 14.0";
			developmentRegion = en;
			hasScannedForEncodings = 0;
			knownRegions = (
				en,
				Base,
			);
			mainGroup = 45066B3A290DAB6A00B2CF22;
			productRefGroup = 45066B44290DAB6A00B2CF22 /* Products */;
			projectDirPath = "";
			projectRoot = "";
			targets = (
				45066B42290DAB6A00B2CF22 /* AMPMClock_Activity */,
				45066B52290DAB6B00B2CF22 /* AMPMClock_ActivityTests */,
				45066B5C290DAB6B00B2CF22 /* AMPMClock_ActivityUITests */,
				45066B73290DABB400B2CF22 /* AMPMClockExtension */,
			);
		};
/* End PBXProject section */

/* Begin PBXResourcesBuildPhase section */
		45066B41290DAB6A00B2CF22 /* Resources */ = {
			isa = PBXResourcesBuildPhase;
			buildActionMask = 2147483647;
			files = (
				45066B4E290DAB6B00B2CF22 /* Preview Assets.xcassets in Resources */,
				45066B4B290DAB6B00B2CF22 /* Assets.xcassets in Resources */,
			);
			runOnlyForDeploymentPostprocessing = 0;
		};
		45066B51290DAB6B00B2CF22 /* Resources */ = {
			isa = PBXResourcesBuildPhase;
			buildActionMask = 2147483647;
			files = (
			);
			runOnlyForDeploymentPostprocessing = 0;
		};
		45066B5B290DAB6B00B2CF22 /* Resources */ = {
			isa = PBXResourcesBuildPhase;
			buildActionMask = 2147483647;
			files = (
			);
			runOnlyForDeploymentPostprocessing = 0;
		};
		45066B72290DABB400B2CF22 /* Resources */ = {
			isa = PBXResourcesBuildPhase;
			buildActionMask = 2147483647;
			files = (
				45066B82290DABB600B2CF22 /* Assets.xcassets in Resources */,
			);
			runOnlyForDeploymentPostprocessing = 0;
		};
/* End PBXResourcesBuildPhase section */

/* Begin PBXSourcesBuildPhase section */
		45066B3F290DAB6A00B2CF22 /* Sources */ = {
			isa = PBXSourcesBuildPhase;
			buildActionMask = 2147483647;
			files = (
				45066B49290DAB6A00B2CF22 /* ContentView.swift in Sources */,
				45066B8C290DABCA00B2CF22 /* Attributes.swift in Sources */,
				45066B47290DAB6A00B2CF22 /* AMPMClock_ActivityApp.swift in Sources */,
			);
			runOnlyForDeploymentPostprocessing = 0;
		};
		45066B4F290DAB6B00B2CF22 /* Sources */ = {
			isa = PBXSourcesBuildPhase;
			buildActionMask = 2147483647;
			files = (
				45066B58290DAB6B00B2CF22 /* AMPMClock_ActivityTests.swift in Sources */,
			);
			runOnlyForDeploymentPostprocessing = 0;
		};
		45066B59290DAB6B00B2CF22 /* Sources */ = {
			isa = PBXSourcesBuildPhase;
			buildActionMask = 2147483647;
			files = (
				45066B62290DAB6B00B2CF22 /* AMPMClock_ActivityUITests.swift in Sources */,
				45066B64290DAB6B00B2CF22 /* AMPMClock_ActivityUITestsLaunchTests.swift in Sources */,
			);
			runOnlyForDeploymentPostprocessing = 0;
		};
		45066B70290DABB400B2CF22 /* Sources */ = {
			isa = PBXSourcesBuildPhase;
			buildActionMask = 2147483647;
			files = (
				45066B7E290DABB400B2CF22 /* AMPMClockLiveActivity.swift in Sources */,
				45066B7C290DABB400B2CF22 /* AMPMClockBundle.swift in Sources */,
			);
			runOnlyForDeploymentPostprocessing = 0;
		};
/* End PBXSourcesBuildPhase section */

/* Begin PBXTargetDependency section */
		45066B55290DAB6B00B2CF22 /* PBXTargetDependency */ = {
			isa = PBXTargetDependency;
			target = 45066B42290DAB6A00B2CF22 /* AMPMClock_Activity */;
			targetProxy = 45066B54290DAB6B00B2CF22 /* PBXContainerItemProxy */;
		};
		45066B5F290DAB6B00B2CF22 /* PBXTargetDependency */ = {
			isa = PBXTargetDependency;
			target = 45066B42290DAB6A00B2CF22 /* AMPMClock_Activity */;
			targetProxy = 45066B5E290DAB6B00B2CF22 /* PBXContainerItemProxy */;
		};
		45066B85290DABB600B2CF22 /* PBXTargetDependency */ = {
			isa = PBXTargetDependency;
			target = 45066B73290DABB400B2CF22 /* AMPMClockExtension */;
			targetProxy = 45066B84290DABB600B2CF22 /* PBXContainerItemProxy */;
		};
/* End PBXTargetDependency section */

/* Begin XCBuildConfiguration section */
		45066B65290DAB6B00B2CF22 /* Debug */ = {
			isa = XCBuildConfiguration;
			buildSettings = {
				ALWAYS_SEARCH_USER_PATHS = NO;
				CLANG_ANALYZER_NONNULL = YES;
				CLANG_ANALYZER_NUMBER_OBJECT_CONVERSION = YES_AGGRESSIVE;
				CLANG_CXX_LANGUAGE_STANDARD = "gnu++20";
				CLANG_ENABLE_MODULES = YES;
				CLANG_ENABLE_OBJC_ARC = YES;
				CLANG_ENABLE_OBJC_WEAK = YES;
				CLANG_WARN_BLOCK_CAPTURE_AUTORELEASING = YES;
				CLANG_WARN_BOOL_CONVERSION = YES;
				CLANG_WARN_COMMA = YES;
				CLANG_WARN_CONSTANT_CONVERSION = YES;
				CLANG_WARN_DEPRECATED_OBJC_IMPLEMENTATIONS = YES;
				CLANG_WARN_DIRECT_OBJC_ISA_USAGE = YES_ERROR;
				CLANG_WARN_DOCUMENTATION_COMMENTS = YES;
				CLANG_WARN_EMPTY_BODY = YES;
				CLANG_WARN_ENUM_CONVERSION = YES;
				CLANG_WARN_INFINITE_RECURSION = YES;
				CLANG_WARN_INT_CONVERSION = YES;
				CLANG_WARN_NON_LITERAL_NULL_CONVERSION = YES;
				CLANG_WARN_OBJC_IMPLICIT_RETAIN_SELF = YES;
				CLANG_WARN_OBJC_LITERAL_CONVERSION = YES;
				CLANG_WARN_OBJC_ROOT_CLASS = YES_ERROR;
				CLANG_WARN_QUOTED_INCLUDE_IN_FRAMEWORK_HEADER = YES;
				CLANG_WARN_RANGE_LOOP_ANALYSIS = YES;
				CLANG_WARN_STRICT_PROTOTYPES = YES;
				CLANG_WARN_SUSPICIOUS_MOVE = YES;
				CLANG_WARN_UNGUARDED_AVAILABILITY = YES_AGGRESSIVE;
				CLANG_WARN_UNREACHABLE_CODE = YES;
				CLANG_WARN__DUPLICATE_METHOD_MATCH = YES;
				COPY_PHASE_STRIP = NO;
				DEBUG_INFORMATION_FORMAT = dwarf;
				ENABLE_STRICT_OBJC_MSGSEND = YES;
				ENABLE_TESTABILITY = YES;
				GCC_C_LANGUAGE_STANDARD = gnu11;
				GCC_DYNAMIC_NO_PIC = NO;
				GCC_NO_COMMON_BLOCKS = YES;
				GCC_OPTIMIZATION_LEVEL = 0;
				GCC_PREPROCESSOR_DEFINITIONS = (
					"DEBUG=1",
					"$(inherited)",
				);
				GCC_WARN_64_TO_32_BIT_CONVERSION = YES;
				GCC_WARN_ABOUT_RETURN_TYPE = YES_ERROR;
				GCC_WARN_UNDECLARED_SELECTOR = YES;
				GCC_WARN_UNINITIALIZED_AUTOS = YES_AGGRESSIVE;
				GCC_WARN_UNUSED_FUNCTION = YES;
				GCC_WARN_UNUSED_VARIABLE = YES;
				IPHONEOS_DEPLOYMENT_TARGET = 16.1;
				MTL_ENABLE_DEBUG_INFO = INCLUDE_SOURCE;
				MTL_FAST_MATH = YES;
				ONLY_ACTIVE_ARCH = YES;
				SDKROOT = iphoneos;
				SWIFT_ACTIVE_COMPILATION_CONDITIONS = DEBUG;
				SWIFT_OPTIMIZATION_LEVEL = "-Onone";
			};
			name = Debug;
		};
		45066B66290DAB6B00B2CF22 /* Release */ = {
			isa = XCBuildConfiguration;
			buildSettings = {
				ALWAYS_SEARCH_USER_PATHS = NO;
				CLANG_ANALYZER_NONNULL = YES;
				CLANG_ANALYZER_NUMBER_OBJECT_CONVERSION = YES_AGGRESSIVE;
				CLANG_CXX_LANGUAGE_STANDARD = "gnu++20";
				CLANG_ENABLE_MODULES = YES;
				CLANG_ENABLE_OBJC_ARC = YES;
				CLANG_ENABLE_OBJC_WEAK = YES;
				CLANG_WARN_BLOCK_CAPTURE_AUTORELEASING = YES;
				CLANG_WARN_BOOL_CONVERSION = YES;
				CLANG_WARN_COMMA = YES;
				CLANG_WARN_CONSTANT_CONVERSION = YES;
				CLANG_WARN_DEPRECATED_OBJC_IMPLEMENTATIONS = YES;
				CLANG_WARN_DIRECT_OBJC_ISA_USAGE = YES_ERROR;
				CLANG_WARN_DOCUMENTATION_COMMENTS = YES;
				CLANG_WARN_EMPTY_BODY = YES;
				CLANG_WARN_ENUM_CONVERSION = YES;
				CLANG_WARN_INFINITE_RECURSION = YES;
				CLANG_WARN_INT_CONVERSION = YES;
				CLANG_WARN_NON_LITERAL_NULL_CONVERSION = YES;
				CLANG_WARN_OBJC_IMPLICIT_RETAIN_SELF = YES;
				CLANG_WARN_OBJC_LITERAL_CONVERSION = YES;
				CLANG_WARN_OBJC_ROOT_CLASS = YES_ERROR;
				CLANG_WARN_QUOTED_INCLUDE_IN_FRAMEWORK_HEADER = YES;
				CLANG_WARN_RANGE_LOOP_ANALYSIS = YES;
				CLANG_WARN_STRICT_PROTOTYPES = YES;
				CLANG_WARN_SUSPICIOUS_MOVE = YES;
				CLANG_WARN_UNGUARDED_AVAILABILITY = YES_AGGRESSIVE;
				CLANG_WARN_UNREACHABLE_CODE = YES;
				CLANG_WARN__DUPLICATE_METHOD_MATCH = YES;
				COPY_PHASE_STRIP = NO;
				DEBUG_INFORMATION_FORMAT = "dwarf-with-dsym";
				ENABLE_NS_ASSERTIONS = NO;
				ENABLE_STRICT_OBJC_MSGSEND = YES;
				GCC_C_LANGUAGE_STANDARD = gnu11;
				GCC_NO_COMMON_BLOCKS = YES;
				GCC_WARN_64_TO_32_BIT_CONVERSION = YES;
				GCC_WARN_ABOUT_RETURN_TYPE = YES_ERROR;
				GCC_WARN_UNDECLARED_SELECTOR = YES;
				GCC_WARN_UNINITIALIZED_AUTOS = YES_AGGRESSIVE;
				GCC_WARN_UNUSED_FUNCTION = YES;
				GCC_WARN_UNUSED_VARIABLE = YES;
				IPHONEOS_DEPLOYMENT_TARGET = 16.1;
				MTL_ENABLE_DEBUG_INFO = NO;
				MTL_FAST_MATH = YES;
				SDKROOT = iphoneos;
				SWIFT_COMPILATION_MODE = wholemodule;
				SWIFT_OPTIMIZATION_LEVEL = "-O";
				VALIDATE_PRODUCT = YES;
			};
			name = Release;
		};
		45066B68290DAB6B00B2CF22 /* Debug */ = {
			isa = XCBuildConfiguration;
			buildSettings = {
				ALWAYS_EMBED_SWIFT_STANDARD_LIBRARIES = YES;
				ASSETCATALOG_COMPILER_APPICON_NAME = AppIcon;
				ASSETCATALOG_COMPILER_GLOBAL_ACCENT_COLOR_NAME = AccentColor;
				CODE_SIGN_STYLE = Automatic;
				CURRENT_PROJECT_VERSION = 1;
				DEVELOPMENT_ASSET_PATHS = "\"AMPMClock_Activity/Preview Content\"";
				DEVELOPMENT_TEAM = BR926NY9FS;
				ENABLE_PREVIEWS = YES;
				GENERATE_INFOPLIST_FILE = YES;
				INFOPLIST_KEY_NSSupportsLiveActivities = YES;
				INFOPLIST_KEY_UIApplicationSceneManifest_Generation = YES;
				INFOPLIST_KEY_UIApplicationSupportsIndirectInputEvents = YES;
				INFOPLIST_KEY_UILaunchScreen_Generation = YES;
				INFOPLIST_KEY_UISupportedInterfaceOrientations_iPad = "UIInterfaceOrientationPortrait UIInterfaceOrientationPortraitUpsideDown UIInterfaceOrientationLandscapeLeft UIInterfaceOrientationLandscapeRight";
				INFOPLIST_KEY_UISupportedInterfaceOrientations_iPhone = "UIInterfaceOrientationPortrait UIInterfaceOrientationLandscapeLeft UIInterfaceOrientationLandscapeRight";
				LD_RUNPATH_SEARCH_PATHS = (
					"$(inherited)",
					"@executable_path/Frameworks",
				);
				MARKETING_VERSION = 1.0;
				PRODUCT_BUNDLE_IDENTIFIER = "com.paytondeveloper.AMPMClock-Activity";
				PRODUCT_NAME = "$(TARGET_NAME)";
				SWIFT_EMIT_LOC_STRINGS = YES;
				SWIFT_VERSION = 5.0;
				TARGETED_DEVICE_FAMILY = "1,2";
			};
			name = Debug;
		};
		45066B69290DAB6B00B2CF22 /* Release */ = {
			isa = XCBuildConfiguration;
			buildSettings = {
				ALWAYS_EMBED_SWIFT_STANDARD_LIBRARIES = YES;
				ASSETCATALOG_COMPILER_APPICON_NAME = AppIcon;
				ASSETCATALOG_COMPILER_GLOBAL_ACCENT_COLOR_NAME = AccentColor;
				CODE_SIGN_STYLE = Automatic;
				CURRENT_PROJECT_VERSION = 1;
				DEVELOPMENT_ASSET_PATHS = "\"AMPMClock_Activity/Preview Content\"";
				DEVELOPMENT_TEAM = BR926NY9FS;
				ENABLE_PREVIEWS = YES;
				GENERATE_INFOPLIST_FILE = YES;
				INFOPLIST_KEY_NSSupportsLiveActivities = YES;
				INFOPLIST_KEY_UIApplicationSceneManifest_Generation = YES;
				INFOPLIST_KEY_UIApplicationSupportsIndirectInputEvents = YES;
				INFOPLIST_KEY_UILaunchScreen_Generation = YES;
				INFOPLIST_KEY_UISupportedInterfaceOrientations_iPad = "UIInterfaceOrientationPortrait UIInterfaceOrientationPortraitUpsideDown UIInterfaceOrientationLandscapeLeft UIInterfaceOrientationLandscapeRight";
				INFOPLIST_KEY_UISupportedInterfaceOrientations_iPhone = "UIInterfaceOrientationPortrait UIInterfaceOrientationLandscapeLeft UIInterfaceOrientationLandscapeRight";
				LD_RUNPATH_SEARCH_PATHS = (
					"$(inherited)",
					"@executable_path/Frameworks",
				);
				MARKETING_VERSION = 1.0;
				PRODUCT_BUNDLE_IDENTIFIER = "com.paytondeveloper.AMPMClock-Activity";
				PRODUCT_NAME = "$(TARGET_NAME)";
				SWIFT_EMIT_LOC_STRINGS = YES;
				SWIFT_VERSION = 5.0;
				TARGETED_DEVICE_FAMILY = "1,2";
			};
			name = Release;
		};
		45066B6B290DAB6B00B2CF22 /* Debug */ = {
			isa = XCBuildConfiguration;
			buildSettings = {
				ALWAYS_EMBED_SWIFT_STANDARD_LIBRARIES = YES;
				BUNDLE_LOADER = "$(TEST_HOST)";
				CODE_SIGN_STYLE = Automatic;
				CURRENT_PROJECT_VERSION = 1;
				DEVELOPMENT_TEAM = BR926NY9FS;
				GENERATE_INFOPLIST_FILE = YES;
				IPHONEOS_DEPLOYMENT_TARGET = 16.1;
				MARKETING_VERSION = 1.0;
				PRODUCT_BUNDLE_IDENTIFIER = "com.paytondeveloper.AMPMClock-ActivityTests";
				PRODUCT_NAME = "$(TARGET_NAME)";
				SWIFT_EMIT_LOC_STRINGS = NO;
				SWIFT_VERSION = 5.0;
				TARGETED_DEVICE_FAMILY = "1,2";
				TEST_HOST = "$(BUILT_PRODUCTS_DIR)/AMPMClock_Activity.app/$(BUNDLE_EXECUTABLE_FOLDER_PATH)/AMPMClock_Activity";
			};
			name = Debug;
		};
		45066B6C290DAB6B00B2CF22 /* Release */ = {
			isa = XCBuildConfiguration;
			buildSettings = {
				ALWAYS_EMBED_SWIFT_STANDARD_LIBRARIES = YES;
				BUNDLE_LOADER = "$(TEST_HOST)";
				CODE_SIGN_STYLE = Automatic;
				CURRENT_PROJECT_VERSION = 1;
				DEVELOPMENT_TEAM = BR926NY9FS;
				GENERATE_INFOPLIST_FILE = YES;
				IPHONEOS_DEPLOYMENT_TARGET = 16.1;
				MARKETING_VERSION = 1.0;
				PRODUCT_BUNDLE_IDENTIFIER = "com.paytondeveloper.AMPMClock-ActivityTests";
				PRODUCT_NAME = "$(TARGET_NAME)";
				SWIFT_EMIT_LOC_STRINGS = NO;
				SWIFT_VERSION = 5.0;
				TARGETED_DEVICE_FAMILY = "1,2";
				TEST_HOST = "$(BUILT_PRODUCTS_DIR)/AMPMClock_Activity.app/$(BUNDLE_EXECUTABLE_FOLDER_PATH)/AMPMClock_Activity";
			};
			name = Release;
		};
		45066B6E290DAB6B00B2CF22 /* Debug */ = {
			isa = XCBuildConfiguration;
			buildSettings = {
				ALWAYS_EMBED_SWIFT_STANDARD_LIBRARIES = YES;
				CODE_SIGN_STYLE = Automatic;
				CURRENT_PROJECT_VERSION = 1;
				DEVELOPMENT_TEAM = BR926NY9FS;
				GENERATE_INFOPLIST_FILE = YES;
				MARKETING_VERSION = 1.0;
				PRODUCT_BUNDLE_IDENTIFIER = "com.paytondeveloper.AMPMClock-ActivityUITests";
				PRODUCT_NAME = "$(TARGET_NAME)";
				SWIFT_EMIT_LOC_STRINGS = NO;
				SWIFT_VERSION = 5.0;
				TARGETED_DEVICE_FAMILY = "1,2";
				TEST_TARGET_NAME = AMPMClock_Activity;
			};
			name = Debug;
		};
		45066B6F290DAB6B00B2CF22 /* Release */ = {
			isa = XCBuildConfiguration;
			buildSettings = {
				ALWAYS_EMBED_SWIFT_STANDARD_LIBRARIES = YES;
				CODE_SIGN_STYLE = Automatic;
				CURRENT_PROJECT_VERSION = 1;
				DEVELOPMENT_TEAM = BR926NY9FS;
				GENERATE_INFOPLIST_FILE = YES;
				MARKETING_VERSION = 1.0;
				PRODUCT_BUNDLE_IDENTIFIER = "com.paytondeveloper.AMPMClock-ActivityUITests";
				PRODUCT_NAME = "$(TARGET_NAME)";
				SWIFT_EMIT_LOC_STRINGS = NO;
				SWIFT_VERSION = 5.0;
				TARGETED_DEVICE_FAMILY = "1,2";
				TEST_TARGET_NAME = AMPMClock_Activity;
			};
			name = Release;
		};
		45066B88290DABB600B2CF22 /* Debug */ = {
			isa = XCBuildConfiguration;
			buildSettings = {
				ASSETCATALOG_COMPILER_GLOBAL_ACCENT_COLOR_NAME = AccentColor;
				ASSETCATALOG_COMPILER_WIDGET_BACKGROUND_COLOR_NAME = WidgetBackground;
				CODE_SIGN_STYLE = Automatic;
				CURRENT_PROJECT_VERSION = 1;
				DEVELOPMENT_TEAM = BR926NY9FS;
				GENERATE_INFOPLIST_FILE = YES;
				INFOPLIST_FILE = AMPMClock/Info.plist;
				INFOPLIST_KEY_CFBundleDisplayName = AMPMClock;
				INFOPLIST_KEY_NSHumanReadableCopyright = "";
				INFOPLIST_KEY_NSSupportsLiveActivities = YES;
				LD_RUNPATH_SEARCH_PATHS = (
					"$(inherited)",
					"@executable_path/Frameworks",
					"@executable_path/../../Frameworks",
				);
				MARKETING_VERSION = 1.0;
				PRODUCT_BUNDLE_IDENTIFIER = "com.paytondeveloper.AMPMClock-Activity.AMPMClock";
				PRODUCT_NAME = "$(TARGET_NAME)";
				SKIP_INSTALL = YES;
				SWIFT_EMIT_LOC_STRINGS = YES;
				SWIFT_VERSION = 5.0;
				TARGETED_DEVICE_FAMILY = "1,2";
			};
			name = Debug;
		};
		45066B89290DABB600B2CF22 /* Release */ = {
			isa = XCBuildConfiguration;
			buildSettings = {
				ASSETCATALOG_COMPILER_GLOBAL_ACCENT_COLOR_NAME = AccentColor;
				ASSETCATALOG_COMPILER_WIDGET_BACKGROUND_COLOR_NAME = WidgetBackground;
				CODE_SIGN_STYLE = Automatic;
				CURRENT_PROJECT_VERSION = 1;
				DEVELOPMENT_TEAM = BR926NY9FS;
				GENERATE_INFOPLIST_FILE = YES;
				INFOPLIST_FILE = AMPMClock/Info.plist;
				INFOPLIST_KEY_CFBundleDisplayName = AMPMClock;
				INFOPLIST_KEY_NSHumanReadableCopyright = "";
				INFOPLIST_KEY_NSSupportsLiveActivities = YES;
				LD_RUNPATH_SEARCH_PATHS = (
					"$(inherited)",
					"@executable_path/Frameworks",
					"@executable_path/../../Frameworks",
				);
				MARKETING_VERSION = 1.0;
				PRODUCT_BUNDLE_IDENTIFIER = "com.paytondeveloper.AMPMClock-Activity.AMPMClock";
				PRODUCT_NAME = "$(TARGET_NAME)";
				SKIP_INSTALL = YES;
				SWIFT_EMIT_LOC_STRINGS = YES;
				SWIFT_VERSION = 5.0;
				TARGETED_DEVICE_FAMILY = "1,2";
			};
			name = Release;
		};
/* End XCBuildConfiguration section */

/* Begin XCConfigurationList section */
		45066B3E290DAB6A00B2CF22 /* Build configuration list for PBXProject "AMPMClock_Activity" */ = {
			isa = XCConfigurationList;
			buildConfigurations = (
				45066B65290DAB6B00B2CF22 /* Debug */,
				45066B66290DAB6B00B2CF22 /* Release */,
			);
			defaultConfigurationIsVisible = 0;
			defaultConfigurationName = Release;
		};
		45066B67290DAB6B00B2CF22 /* Build configuration list for PBXNativeTarget "AMPMClock_Activity" */ = {
			isa = XCConfigurationList;
			buildConfigurations = (
				45066B68290DAB6B00B2CF22 /* Debug */,
				45066B69290DAB6B00B2CF22 /* Release */,
			);
			defaultConfigurationIsVisible = 0;
			defaultConfigurationName = Release;
		};
		45066B6A290DAB6B00B2CF22 /* Build configuration list for PBXNativeTarget "AMPMClock_ActivityTests" */ = {
			isa = XCConfigurationList;
			buildConfigurations = (
				45066B6B290DAB6B00B2CF22 /* Debug */,
				45066B6C290DAB6B00B2CF22 /* Release */,
			);
			defaultConfigurationIsVisible = 0;
			defaultConfigurationName = Release;
		};
		45066B6D290DAB6B00B2CF22 /* Build configuration list for PBXNativeTarget "AMPMClock_ActivityUITests" */ = {
			isa = XCConfigurationList;
			buildConfigurations = (
				45066B6E290DAB6B00B2CF22 /* Debug */,
				45066B6F290DAB6B00B2CF22 /* Release */,
			);
			defaultConfigurationIsVisible = 0;
			defaultConfigurationName = Release;
		};
		45066B87290DABB600B2CF22 /* Build configuration list for PBXNativeTarget "AMPMClockExtension" */ = {
			isa = XCConfigurationList;
			buildConfigurations = (
				45066B88290DABB600B2CF22 /* Debug */,
				45066B89290DABB600B2CF22 /* Release */,
			);
			defaultConfigurationIsVisible = 0;
			defaultConfigurationName = Release;
		};
/* End XCConfigurationList section */
	};
	rootObject = 45066B3B290DAB6A00B2CF22 /* Project object */;
}
